<?xml version="1.0" encoding="utf-8"?>
<Project ToolsVersion="17.0" xmlns="http://schemas.microsoft.com/developer/msbuild/2003">
  <ItemGroup>
    <ClCompile Include="C:\Users\Admin\Documents\Code\CubeUniverse\CubeUniverse\dependencies\luau\Ast\src\Ast.cpp">
      <Filter>Source Files</Filter>
    </ClCompile>
    <ClCompile Include="C:\Users\Admin\Documents\Code\CubeUniverse\CubeUniverse\dependencies\luau\Ast\src\Confusables.cpp">
      <Filter>Source Files</Filter>
    </ClCompile>
    <ClCompile Include="C:\Users\Admin\Documents\Code\CubeUniverse\CubeUniverse\dependencies\luau\Ast\src\Lexer.cpp">
      <Filter>Source Files</Filter>
    </ClCompile>
    <ClCompile Include="C:\Users\Admin\Documents\Code\CubeUniverse\CubeUniverse\dependencies\luau\Ast\src\Location.cpp">
      <Filter>Source Files</Filter>
    </ClCompile>
    <ClCompile Include="C:\Users\Admin\Documents\Code\CubeUniverse\CubeUniverse\dependencies\luau\Ast\src\Parser.cpp">
      <Filter>Source Files</Filter>
    </ClCompile>
    <ClCompile Include="C:\Users\Admin\Documents\Code\CubeUniverse\CubeUniverse\dependencies\luau\Ast\src\StringUtils.cpp">
      <Filter>Source Files</Filter>
    </ClCompile>
    <ClCompile Include="C:\Users\Admin\Documents\Code\CubeUniverse\CubeUniverse\dependencies\luau\Ast\src\TimeTrace.cpp">
      <Filter>Source Files</Filter>
    </ClCompile>
  </ItemGroup>
  <ItemGroup>
    <ClInclude Include="C:\Users\Admin\Documents\Code\CubeUniverse\CubeUniverse\dependencies\luau\Ast\include\Luau\Ast.h">
      <Filter>Header Files</Filter>
    </ClInclude>
    <ClInclude Include="C:\Users\Admin\Documents\Code\CubeUniverse\CubeUniverse\dependencies\luau\Ast\include\Luau\Confusables.h">
      <Filter>Header Files</Filter>
    </ClInclude>
    <ClInclude Include="C:\Users\Admin\Documents\Code\CubeUniverse\CubeUniverse\dependencies\luau\Ast\include\Luau\Lexer.h">
      <Filter>Header Files</Filter>
    </ClInclude>
    <ClInclude Include="C:\Users\Admin\Documents\Code\CubeUniverse\CubeUniverse\dependencies\luau\Ast\include\Luau\Location.h">
      <Filter>Header Files</Filter>
    </ClInclude>
    <ClInclude Include="C:\Users\Admin\Documents\Code\CubeUniverse\CubeUniverse\dependencies\luau\Ast\include\Luau\ParseOptions.h">
      <Filter>Header Files</Filter>
    </ClInclude>
    <ClInclude Include="C:\Users\Admin\Documents\Code\CubeUniverse\CubeUniverse\dependencies\luau\Ast\include\Luau\Parser.h">
      <Filter>Header Files</Filter>
    </ClInclude>
    <ClInclude Include="C:\Users\Admin\Documents\Code\CubeUniverse\CubeUniverse\dependencies\luau\Ast\include\Luau\ParseResult.h">
      <Filter>Header Files</Filter>
    </ClInclude>
    <ClInclude Include="C:\Users\Admin\Documents\Code\CubeUniverse\CubeUniverse\dependencies\luau\Ast\include\Luau\StringUtils.h">
      <Filter>Header Files</Filter>
    </ClInclude>
    <ClInclude Include="C:\Users\Admin\Documents\Code\CubeUniverse\CubeUniverse\dependencies\luau\Ast\include\Luau\TimeTrace.h">
      <Filter>Header Files</Filter>
    </ClInclude>
  </ItemGroup>
  <ItemGroup>
    <CustomBuild Include="C:\Users\Admin\Documents\Code\CubeUniverse\CubeUniverse\dependencies\luau\CMakeLists.txt" />
  </ItemGroup>
  <ItemGroup>
    <Natvis Include="C:\Users\Admin\Documents\Code\CubeUniverse\CubeUniverse\dependencies\luau\tools\natvis\Ast.natvis" />
  </ItemGroup>
  <ItemGroup>
    <Filter Include="Header Files">
      <UniqueIdentifier>{DD8DC200-C0A5-386F-9B93-280F2B34B9D0}</UniqueIdentifier>
    </Filter>
    <Filter Include="Source Files">
      <UniqueIdentifier>{9098CAF5-B954-391C-BCFC-7BA05ECF815B}</UniqueIdentifier>
    </Filter>
  </ItemGroup>
</Project>
