<?xml version="1.0" encoding="utf-8"?>
<Project ToolsVersion="17.0" xmlns="http://schemas.microsoft.com/developer/msbuild/2003">
  <ItemGroup>
    <ClCompile Include="C:\Users\Admin\Documents\Code\CubeUniverse\CubeUniverse\dependencies\luau\VM\src\lapi.cpp">
      <Filter>Source Files</Filter>
    </ClCompile>
    <ClCompile Include="C:\Users\Admin\Documents\Code\CubeUniverse\CubeUniverse\dependencies\luau\VM\src\laux.cpp">
      <Filter>Source Files</Filter>
    </ClCompile>
    <ClCompile Include="C:\Users\Admin\Documents\Code\CubeUniverse\CubeUniverse\dependencies\luau\VM\src\lbaselib.cpp">
      <Filter>Source Files</Filter>
    </ClCompile>
    <ClCompile Include="C:\Users\Admin\Documents\Code\CubeUniverse\CubeUniverse\dependencies\luau\VM\src\lbitlib.cpp">
      <Filter>Source Files</Filter>
    </ClCompile>
    <ClCompile Include="C:\Users\Admin\Documents\Code\CubeUniverse\CubeUniverse\dependencies\luau\VM\src\lbuffer.cpp">
      <Filter>Source Files</Filter>
    </ClCompile>
    <ClCompile Include="C:\Users\Admin\Documents\Code\CubeUniverse\CubeUniverse\dependencies\luau\VM\src\lbuflib.cpp">
      <Filter>Source Files</Filter>
    </ClCompile>
    <ClCompile Include="C:\Users\Admin\Documents\Code\CubeUniverse\CubeUniverse\dependencies\luau\VM\src\lbuiltins.cpp">
      <Filter>Source Files</Filter>
    </ClCompile>
    <ClCompile Include="C:\Users\Admin\Documents\Code\CubeUniverse\CubeUniverse\dependencies\luau\VM\src\lcorolib.cpp">
      <Filter>Source Files</Filter>
    </ClCompile>
    <ClCompile Include="C:\Users\Admin\Documents\Code\CubeUniverse\CubeUniverse\dependencies\luau\VM\src\ldblib.cpp">
      <Filter>Source Files</Filter>
    </ClCompile>
    <ClCompile Include="C:\Users\Admin\Documents\Code\CubeUniverse\CubeUniverse\dependencies\luau\VM\src\ldebug.cpp">
      <Filter>Source Files</Filter>
    </ClCompile>
    <ClCompile Include="C:\Users\Admin\Documents\Code\CubeUniverse\CubeUniverse\dependencies\luau\VM\src\ldo.cpp">
      <Filter>Source Files</Filter>
    </ClCompile>
    <ClCompile Include="C:\Users\Admin\Documents\Code\CubeUniverse\CubeUniverse\dependencies\luau\VM\src\lfunc.cpp">
      <Filter>Source Files</Filter>
    </ClCompile>
    <ClCompile Include="C:\Users\Admin\Documents\Code\CubeUniverse\CubeUniverse\dependencies\luau\VM\src\lgc.cpp">
      <Filter>Source Files</Filter>
    </ClCompile>
    <ClCompile Include="C:\Users\Admin\Documents\Code\CubeUniverse\CubeUniverse\dependencies\luau\VM\src\lgcdebug.cpp">
      <Filter>Source Files</Filter>
    </ClCompile>
    <ClCompile Include="C:\Users\Admin\Documents\Code\CubeUniverse\CubeUniverse\dependencies\luau\VM\src\linit.cpp">
      <Filter>Source Files</Filter>
    </ClCompile>
    <ClCompile Include="C:\Users\Admin\Documents\Code\CubeUniverse\CubeUniverse\dependencies\luau\VM\src\lmathlib.cpp">
      <Filter>Source Files</Filter>
    </ClCompile>
    <ClCompile Include="C:\Users\Admin\Documents\Code\CubeUniverse\CubeUniverse\dependencies\luau\VM\src\lmem.cpp">
      <Filter>Source Files</Filter>
    </ClCompile>
    <ClCompile Include="C:\Users\Admin\Documents\Code\CubeUniverse\CubeUniverse\dependencies\luau\VM\src\lnumprint.cpp">
      <Filter>Source Files</Filter>
    </ClCompile>
    <ClCompile Include="C:\Users\Admin\Documents\Code\CubeUniverse\CubeUniverse\dependencies\luau\VM\src\lobject.cpp">
      <Filter>Source Files</Filter>
    </ClCompile>
    <ClCompile Include="C:\Users\Admin\Documents\Code\CubeUniverse\CubeUniverse\dependencies\luau\VM\src\loslib.cpp">
      <Filter>Source Files</Filter>
    </ClCompile>
    <ClCompile Include="C:\Users\Admin\Documents\Code\CubeUniverse\CubeUniverse\dependencies\luau\VM\src\lperf.cpp">
      <Filter>Source Files</Filter>
    </ClCompile>
    <ClCompile Include="C:\Users\Admin\Documents\Code\CubeUniverse\CubeUniverse\dependencies\luau\VM\src\lstate.cpp">
      <Filter>Source Files</Filter>
    </ClCompile>
    <ClCompile Include="C:\Users\Admin\Documents\Code\CubeUniverse\CubeUniverse\dependencies\luau\VM\src\lstring.cpp">
      <Filter>Source Files</Filter>
    </ClCompile>
    <ClCompile Include="C:\Users\Admin\Documents\Code\CubeUniverse\CubeUniverse\dependencies\luau\VM\src\lstrlib.cpp">
      <Filter>Source Files</Filter>
    </ClCompile>
    <ClCompile Include="C:\Users\Admin\Documents\Code\CubeUniverse\CubeUniverse\dependencies\luau\VM\src\ltable.cpp">
      <Filter>Source Files</Filter>
    </ClCompile>
    <ClCompile Include="C:\Users\Admin\Documents\Code\CubeUniverse\CubeUniverse\dependencies\luau\VM\src\ltablib.cpp">
      <Filter>Source Files</Filter>
    </ClCompile>
    <ClCompile Include="C:\Users\Admin\Documents\Code\CubeUniverse\CubeUniverse\dependencies\luau\VM\src\ltm.cpp">
      <Filter>Source Files</Filter>
    </ClCompile>
    <ClCompile Include="C:\Users\Admin\Documents\Code\CubeUniverse\CubeUniverse\dependencies\luau\VM\src\ludata.cpp">
      <Filter>Source Files</Filter>
    </ClCompile>
    <ClCompile Include="C:\Users\Admin\Documents\Code\CubeUniverse\CubeUniverse\dependencies\luau\VM\src\lutf8lib.cpp">
      <Filter>Source Files</Filter>
    </ClCompile>
    <ClCompile Include="C:\Users\Admin\Documents\Code\CubeUniverse\CubeUniverse\dependencies\luau\VM\src\lvmexecute.cpp">
      <Filter>Source Files</Filter>
    </ClCompile>
    <ClCompile Include="C:\Users\Admin\Documents\Code\CubeUniverse\CubeUniverse\dependencies\luau\VM\src\lvmload.cpp">
      <Filter>Source Files</Filter>
    </ClCompile>
    <ClCompile Include="C:\Users\Admin\Documents\Code\CubeUniverse\CubeUniverse\dependencies\luau\VM\src\lvmutils.cpp">
      <Filter>Source Files</Filter>
    </ClCompile>
  </ItemGroup>
  <ItemGroup>
    <ClInclude Include="C:\Users\Admin\Documents\Code\CubeUniverse\CubeUniverse\dependencies\luau\VM\include\lua.h">
      <Filter>Header Files</Filter>
    </ClInclude>
    <ClInclude Include="C:\Users\Admin\Documents\Code\CubeUniverse\CubeUniverse\dependencies\luau\VM\include\luaconf.h">
      <Filter>Header Files</Filter>
    </ClInclude>
    <ClInclude Include="C:\Users\Admin\Documents\Code\CubeUniverse\CubeUniverse\dependencies\luau\VM\include\lualib.h">
      <Filter>Header Files</Filter>
    </ClInclude>
    <ClInclude Include="C:\Users\Admin\Documents\Code\CubeUniverse\CubeUniverse\dependencies\luau\VM\src\lapi.h">
      <Filter>Header Files</Filter>
    </ClInclude>
    <ClInclude Include="C:\Users\Admin\Documents\Code\CubeUniverse\CubeUniverse\dependencies\luau\VM\src\lbuffer.h">
      <Filter>Header Files</Filter>
    </ClInclude>
    <ClInclude Include="C:\Users\Admin\Documents\Code\CubeUniverse\CubeUniverse\dependencies\luau\VM\src\lbuiltins.h">
      <Filter>Header Files</Filter>
    </ClInclude>
    <ClInclude Include="C:\Users\Admin\Documents\Code\CubeUniverse\CubeUniverse\dependencies\luau\VM\src\lbytecode.h">
      <Filter>Header Files</Filter>
    </ClInclude>
    <ClInclude Include="C:\Users\Admin\Documents\Code\CubeUniverse\CubeUniverse\dependencies\luau\VM\src\lcommon.h">
      <Filter>Header Files</Filter>
    </ClInclude>
    <ClInclude Include="C:\Users\Admin\Documents\Code\CubeUniverse\CubeUniverse\dependencies\luau\VM\src\ldebug.h">
      <Filter>Header Files</Filter>
    </ClInclude>
    <ClInclude Include="C:\Users\Admin\Documents\Code\CubeUniverse\CubeUniverse\dependencies\luau\VM\src\ldo.h">
      <Filter>Header Files</Filter>
    </ClInclude>
    <ClInclude Include="C:\Users\Admin\Documents\Code\CubeUniverse\CubeUniverse\dependencies\luau\VM\src\lfunc.h">
      <Filter>Header Files</Filter>
    </ClInclude>
    <ClInclude Include="C:\Users\Admin\Documents\Code\CubeUniverse\CubeUniverse\dependencies\luau\VM\src\lgc.h">
      <Filter>Header Files</Filter>
    </ClInclude>
    <ClInclude Include="C:\Users\Admin\Documents\Code\CubeUniverse\CubeUniverse\dependencies\luau\VM\src\lmem.h">
      <Filter>Header Files</Filter>
    </ClInclude>
    <ClInclude Include="C:\Users\Admin\Documents\Code\CubeUniverse\CubeUniverse\dependencies\luau\VM\src\lnumutils.h">
      <Filter>Header Files</Filter>
    </ClInclude>
    <ClInclude Include="C:\Users\Admin\Documents\Code\CubeUniverse\CubeUniverse\dependencies\luau\VM\src\lobject.h">
      <Filter>Header Files</Filter>
    </ClInclude>
    <ClInclude Include="C:\Users\Admin\Documents\Code\CubeUniverse\CubeUniverse\dependencies\luau\VM\src\lstate.h">
      <Filter>Header Files</Filter>
    </ClInclude>
    <ClInclude Include="C:\Users\Admin\Documents\Code\CubeUniverse\CubeUniverse\dependencies\luau\VM\src\lstring.h">
      <Filter>Header Files</Filter>
    </ClInclude>
    <ClInclude Include="C:\Users\Admin\Documents\Code\CubeUniverse\CubeUniverse\dependencies\luau\VM\src\ltable.h">
      <Filter>Header Files</Filter>
    </ClInclude>
    <ClInclude Include="C:\Users\Admin\Documents\Code\CubeUniverse\CubeUniverse\dependencies\luau\VM\src\ltm.h">
      <Filter>Header Files</Filter>
    </ClInclude>
    <ClInclude Include="C:\Users\Admin\Documents\Code\CubeUniverse\CubeUniverse\dependencies\luau\VM\src\ludata.h">
      <Filter>Header Files</Filter>
    </ClInclude>
    <ClInclude Include="C:\Users\Admin\Documents\Code\CubeUniverse\CubeUniverse\dependencies\luau\VM\src\lvm.h">
      <Filter>Header Files</Filter>
    </ClInclude>
  </ItemGroup>
  <ItemGroup>
    <CustomBuild Include="C:\Users\Admin\Documents\Code\CubeUniverse\CubeUniverse\dependencies\luau\CMakeLists.txt" />
  </ItemGroup>
  <ItemGroup>
    <Natvis Include="C:\Users\Admin\Documents\Code\CubeUniverse\CubeUniverse\dependencies\luau\tools\natvis\VM.natvis" />
  </ItemGroup>
  <ItemGroup>
    <Filter Include="Header Files">
      <UniqueIdentifier>{DD8DC200-C0A5-386F-9B93-280F2B34B9D0}</UniqueIdentifier>
    </Filter>
    <Filter Include="Source Files">
      <UniqueIdentifier>{9098CAF5-B954-391C-BCFC-7BA05ECF815B}</UniqueIdentifier>
    </Filter>
  </ItemGroup>
</Project>
