
Microsoft Visual Studio Solution File, Format Version 12.00
# Visual Studio Version 17
Project("{8BC9CEB8-8B4A-11D0-8D11-00A0C91BC942}") = "ALL_BUILD", "ALL_BUILD.vcxproj", "{2B24BDC0-9926-362D-934C-23118701BFEF}"
	ProjectSection(ProjectDependencies) = postProject
		{4CCF667C-5ECB-3122-979A-912FA0AFEE3A} = {4CCF667C-5ECB-3122-979A-912FA0AFEE3A}
		{49D2EEA3-A9EC-3B12-A277-18519B832400} = {49D2EEA3-A9EC-3B12-A277-18519B832400}
		{54DFB9CF-9D41-37E2-8ABA-0CAA49889138} = {54DFB9CF-9D41-37E2-8ABA-0CAA49889138}
		{73AAB4B9-0F9C-3344-94FC-8790A288C1C0} = {73AAB4B9-0F9C-3344-94FC-8790A288C1C0}
		{1AB204A6-FFA3-3E26-8B29-2859FFDE5057} = {1AB204A6-FFA3-3E26-8B29-2859FFDE5057}
		{353B5461-B842-3253-8C90-04D17D3E4511} = {353B5461-B842-3253-8C90-04D17D3E4511}
		{A4707838-692A-3506-B563-B21136934EBF} = {A4707838-692A-3506-B563-B21136934EBF}
		{2A4413B6-25F2-32F3-9ADD-6DB21B43ABC0} = {2A4413B6-25F2-32F3-9ADD-6DB21B43ABC0}
		{941914ED-2A37-3646-BEEC-BA8C13132E96} = {941914ED-2A37-3646-BEEC-BA8C13132E96}
		{167743F7-7218-3571-AE24-515A1AAEBBBF} = {167743F7-7218-3571-AE24-515A1AAEBBBF}
		{83CA361D-9610-31A2-AF0E-8543BEE47A9A} = {83CA361D-9610-31A2-AF0E-8543BEE47A9A}
		{A4ED4E45-00FF-3563-8DA0-B12F4056924D} = {A4ED4E45-00FF-3563-8DA0-B12F4056924D}
		{8AD745EA-A38D-37AB-9BDB-EDEF0A9DEB41} = {8AD745EA-A38D-37AB-9BDB-EDEF0A9DEB41}
		{57DC4F02-5EEB-3A2F-B8BB-F95EB5A2E85D} = {57DC4F02-5EEB-3A2F-B8BB-F95EB5A2E85D}
		{E4BD7AD6-3D37-312F-960E-15E458B34E94} = {E4BD7AD6-3D37-312F-960E-15E458B34E94}
		{CA510B97-2A6F-375A-9AE3-34F5C176B6EA} = {CA510B97-2A6F-375A-9AE3-34F5C176B6EA}
		{1E6DD385-18EE-3947-B938-94DA2E2BA260} = {1E6DD385-18EE-3947-B938-94DA2E2BA260}
	EndProjectSection
EndProject
Project("{8BC9CEB8-8B4A-11D0-8D11-00A0C91BC942}") = "Luau.Analysis", "Luau.Analysis.vcxproj", "{4CCF667C-5ECB-3122-979A-912FA0AFEE3A}"
	ProjectSection(ProjectDependencies) = postProject
		{54DFB9CF-9D41-37E2-8ABA-0CAA49889138} = {54DFB9CF-9D41-37E2-8ABA-0CAA49889138}
		{A4707838-692A-3506-B563-B21136934EBF} = {A4707838-692A-3506-B563-B21136934EBF}
		{167743F7-7218-3571-AE24-515A1AAEBBBF} = {167743F7-7218-3571-AE24-515A1AAEBBBF}
		{CA510B97-2A6F-375A-9AE3-34F5C176B6EA} = {CA510B97-2A6F-375A-9AE3-34F5C176B6EA}
	EndProjectSection
EndProject
Project("{8BC9CEB8-8B4A-11D0-8D11-00A0C91BC942}") = "Luau.Analyze.CLI", "Luau.Analyze.CLI.vcxproj", "{49D2EEA3-A9EC-3B12-A277-18519B832400}"
	ProjectSection(ProjectDependencies) = postProject
		{4CCF667C-5ECB-3122-979A-912FA0AFEE3A} = {4CCF667C-5ECB-3122-979A-912FA0AFEE3A}
		{54DFB9CF-9D41-37E2-8ABA-0CAA49889138} = {54DFB9CF-9D41-37E2-8ABA-0CAA49889138}
		{A4707838-692A-3506-B563-B21136934EBF} = {A4707838-692A-3506-B563-B21136934EBF}
		{167743F7-7218-3571-AE24-515A1AAEBBBF} = {167743F7-7218-3571-AE24-515A1AAEBBBF}
		{CA510B97-2A6F-375A-9AE3-34F5C176B6EA} = {CA510B97-2A6F-375A-9AE3-34F5C176B6EA}
	EndProjectSection
EndProject
Project("{8BC9CEB8-8B4A-11D0-8D11-00A0C91BC942}") = "Luau.Ast", "Luau.Ast.vcxproj", "{54DFB9CF-9D41-37E2-8ABA-0CAA49889138}"
	ProjectSection(ProjectDependencies) = postProject
		{A4707838-692A-3506-B563-B21136934EBF} = {A4707838-692A-3506-B563-B21136934EBF}
		{CA510B97-2A6F-375A-9AE3-34F5C176B6EA} = {CA510B97-2A6F-375A-9AE3-34F5C176B6EA}
	EndProjectSection
EndProject
Project("{8BC9CEB8-8B4A-11D0-8D11-00A0C91BC942}") = "Luau.Ast.CLI", "Luau.Ast.CLI.vcxproj", "{73AAB4B9-0F9C-3344-94FC-8790A288C1C0}"
	ProjectSection(ProjectDependencies) = postProject
		{4CCF667C-5ECB-3122-979A-912FA0AFEE3A} = {4CCF667C-5ECB-3122-979A-912FA0AFEE3A}
		{54DFB9CF-9D41-37E2-8ABA-0CAA49889138} = {54DFB9CF-9D41-37E2-8ABA-0CAA49889138}
		{A4707838-692A-3506-B563-B21136934EBF} = {A4707838-692A-3506-B563-B21136934EBF}
		{167743F7-7218-3571-AE24-515A1AAEBBBF} = {167743F7-7218-3571-AE24-515A1AAEBBBF}
		{CA510B97-2A6F-375A-9AE3-34F5C176B6EA} = {CA510B97-2A6F-375A-9AE3-34F5C176B6EA}
	EndProjectSection
EndProject
Project("{8BC9CEB8-8B4A-11D0-8D11-00A0C91BC942}") = "Luau.CLI.Test", "Luau.CLI.Test.vcxproj", "{1AB204A6-FFA3-3E26-8B29-2859FFDE5057}"
	ProjectSection(ProjectDependencies) = postProject
		{54DFB9CF-9D41-37E2-8ABA-0CAA49889138} = {54DFB9CF-9D41-37E2-8ABA-0CAA49889138}
		{353B5461-B842-3253-8C90-04D17D3E4511} = {353B5461-B842-3253-8C90-04D17D3E4511}
		{A4707838-692A-3506-B563-B21136934EBF} = {A4707838-692A-3506-B563-B21136934EBF}
		{941914ED-2A37-3646-BEEC-BA8C13132E96} = {941914ED-2A37-3646-BEEC-BA8C13132E96}
		{E4BD7AD6-3D37-312F-960E-15E458B34E94} = {E4BD7AD6-3D37-312F-960E-15E458B34E94}
		{CA510B97-2A6F-375A-9AE3-34F5C176B6EA} = {CA510B97-2A6F-375A-9AE3-34F5C176B6EA}
		{1E6DD385-18EE-3947-B938-94DA2E2BA260} = {1E6DD385-18EE-3947-B938-94DA2E2BA260}
	EndProjectSection
EndProject
Project("{8BC9CEB8-8B4A-11D0-8D11-00A0C91BC942}") = "Luau.CodeGen", "Luau.CodeGen.vcxproj", "{353B5461-B842-3253-8C90-04D17D3E4511}"
	ProjectSection(ProjectDependencies) = postProject
		{A4707838-692A-3506-B563-B21136934EBF} = {A4707838-692A-3506-B563-B21136934EBF}
		{E4BD7AD6-3D37-312F-960E-15E458B34E94} = {E4BD7AD6-3D37-312F-960E-15E458B34E94}
		{CA510B97-2A6F-375A-9AE3-34F5C176B6EA} = {CA510B97-2A6F-375A-9AE3-34F5C176B6EA}
	EndProjectSection
EndProject
Project("{8BC9CEB8-8B4A-11D0-8D11-00A0C91BC942}") = "Luau.Common", "Luau.Common.vcxproj", "{A4707838-692A-3506-B563-B21136934EBF}"
	ProjectSection(ProjectDependencies) = postProject
		{CA510B97-2A6F-375A-9AE3-34F5C176B6EA} = {CA510B97-2A6F-375A-9AE3-34F5C176B6EA}
	EndProjectSection
EndProject
Project("{8BC9CEB8-8B4A-11D0-8D11-00A0C91BC942}") = "Luau.Compile.CLI", "Luau.Compile.CLI.vcxproj", "{2A4413B6-25F2-32F3-9ADD-6DB21B43ABC0}"
	ProjectSection(ProjectDependencies) = postProject
		{54DFB9CF-9D41-37E2-8ABA-0CAA49889138} = {54DFB9CF-9D41-37E2-8ABA-0CAA49889138}
		{353B5461-B842-3253-8C90-04D17D3E4511} = {353B5461-B842-3253-8C90-04D17D3E4511}
		{A4707838-692A-3506-B563-B21136934EBF} = {A4707838-692A-3506-B563-B21136934EBF}
		{941914ED-2A37-3646-BEEC-BA8C13132E96} = {941914ED-2A37-3646-BEEC-BA8C13132E96}
		{E4BD7AD6-3D37-312F-960E-15E458B34E94} = {E4BD7AD6-3D37-312F-960E-15E458B34E94}
		{CA510B97-2A6F-375A-9AE3-34F5C176B6EA} = {CA510B97-2A6F-375A-9AE3-34F5C176B6EA}
	EndProjectSection
EndProject
Project("{8BC9CEB8-8B4A-11D0-8D11-00A0C91BC942}") = "Luau.Compiler", "Luau.Compiler.vcxproj", "{941914ED-2A37-3646-BEEC-BA8C13132E96}"
	ProjectSection(ProjectDependencies) = postProject
		{54DFB9CF-9D41-37E2-8ABA-0CAA49889138} = {54DFB9CF-9D41-37E2-8ABA-0CAA49889138}
		{A4707838-692A-3506-B563-B21136934EBF} = {A4707838-692A-3506-B563-B21136934EBF}
		{CA510B97-2A6F-375A-9AE3-34F5C176B6EA} = {CA510B97-2A6F-375A-9AE3-34F5C176B6EA}
	EndProjectSection
EndProject
Project("{8BC9CEB8-8B4A-11D0-8D11-00A0C91BC942}") = "Luau.Config", "Luau.Config.vcxproj", "{167743F7-7218-3571-AE24-515A1AAEBBBF}"
	ProjectSection(ProjectDependencies) = postProject
		{54DFB9CF-9D41-37E2-8ABA-0CAA49889138} = {54DFB9CF-9D41-37E2-8ABA-0CAA49889138}
		{A4707838-692A-3506-B563-B21136934EBF} = {A4707838-692A-3506-B563-B21136934EBF}
		{CA510B97-2A6F-375A-9AE3-34F5C176B6EA} = {CA510B97-2A6F-375A-9AE3-34F5C176B6EA}
	EndProjectSection
EndProject
Project("{8BC9CEB8-8B4A-11D0-8D11-00A0C91BC942}") = "Luau.Conformance", "Luau.Conformance.vcxproj", "{83CA361D-9610-31A2-AF0E-8543BEE47A9A}"
	ProjectSection(ProjectDependencies) = postProject
		{4CCF667C-5ECB-3122-979A-912FA0AFEE3A} = {4CCF667C-5ECB-3122-979A-912FA0AFEE3A}
		{54DFB9CF-9D41-37E2-8ABA-0CAA49889138} = {54DFB9CF-9D41-37E2-8ABA-0CAA49889138}
		{353B5461-B842-3253-8C90-04D17D3E4511} = {353B5461-B842-3253-8C90-04D17D3E4511}
		{A4707838-692A-3506-B563-B21136934EBF} = {A4707838-692A-3506-B563-B21136934EBF}
		{941914ED-2A37-3646-BEEC-BA8C13132E96} = {941914ED-2A37-3646-BEEC-BA8C13132E96}
		{167743F7-7218-3571-AE24-515A1AAEBBBF} = {167743F7-7218-3571-AE24-515A1AAEBBBF}
		{E4BD7AD6-3D37-312F-960E-15E458B34E94} = {E4BD7AD6-3D37-312F-960E-15E458B34E94}
		{CA510B97-2A6F-375A-9AE3-34F5C176B6EA} = {CA510B97-2A6F-375A-9AE3-34F5C176B6EA}
	EndProjectSection
EndProject
Project("{8BC9CEB8-8B4A-11D0-8D11-00A0C91BC942}") = "Luau.Reduce.CLI", "Luau.Reduce.CLI.vcxproj", "{A4ED4E45-00FF-3563-8DA0-B12F4056924D}"
	ProjectSection(ProjectDependencies) = postProject
		{4CCF667C-5ECB-3122-979A-912FA0AFEE3A} = {4CCF667C-5ECB-3122-979A-912FA0AFEE3A}
		{54DFB9CF-9D41-37E2-8ABA-0CAA49889138} = {54DFB9CF-9D41-37E2-8ABA-0CAA49889138}
		{A4707838-692A-3506-B563-B21136934EBF} = {A4707838-692A-3506-B563-B21136934EBF}
		{167743F7-7218-3571-AE24-515A1AAEBBBF} = {167743F7-7218-3571-AE24-515A1AAEBBBF}
		{CA510B97-2A6F-375A-9AE3-34F5C176B6EA} = {CA510B97-2A6F-375A-9AE3-34F5C176B6EA}
	EndProjectSection
EndProject
Project("{8BC9CEB8-8B4A-11D0-8D11-00A0C91BC942}") = "Luau.Repl.CLI", "Luau.Repl.CLI.vcxproj", "{8AD745EA-A38D-37AB-9BDB-EDEF0A9DEB41}"
	ProjectSection(ProjectDependencies) = postProject
		{54DFB9CF-9D41-37E2-8ABA-0CAA49889138} = {54DFB9CF-9D41-37E2-8ABA-0CAA49889138}
		{353B5461-B842-3253-8C90-04D17D3E4511} = {353B5461-B842-3253-8C90-04D17D3E4511}
		{A4707838-692A-3506-B563-B21136934EBF} = {A4707838-692A-3506-B563-B21136934EBF}
		{941914ED-2A37-3646-BEEC-BA8C13132E96} = {941914ED-2A37-3646-BEEC-BA8C13132E96}
		{E4BD7AD6-3D37-312F-960E-15E458B34E94} = {E4BD7AD6-3D37-312F-960E-15E458B34E94}
		{CA510B97-2A6F-375A-9AE3-34F5C176B6EA} = {CA510B97-2A6F-375A-9AE3-34F5C176B6EA}
		{1E6DD385-18EE-3947-B938-94DA2E2BA260} = {1E6DD385-18EE-3947-B938-94DA2E2BA260}
	EndProjectSection
EndProject
Project("{8BC9CEB8-8B4A-11D0-8D11-00A0C91BC942}") = "Luau.UnitTest", "Luau.UnitTest.vcxproj", "{57DC4F02-5EEB-3A2F-B8BB-F95EB5A2E85D}"
	ProjectSection(ProjectDependencies) = postProject
		{4CCF667C-5ECB-3122-979A-912FA0AFEE3A} = {4CCF667C-5ECB-3122-979A-912FA0AFEE3A}
		{54DFB9CF-9D41-37E2-8ABA-0CAA49889138} = {54DFB9CF-9D41-37E2-8ABA-0CAA49889138}
		{353B5461-B842-3253-8C90-04D17D3E4511} = {353B5461-B842-3253-8C90-04D17D3E4511}
		{A4707838-692A-3506-B563-B21136934EBF} = {A4707838-692A-3506-B563-B21136934EBF}
		{941914ED-2A37-3646-BEEC-BA8C13132E96} = {941914ED-2A37-3646-BEEC-BA8C13132E96}
		{167743F7-7218-3571-AE24-515A1AAEBBBF} = {167743F7-7218-3571-AE24-515A1AAEBBBF}
		{E4BD7AD6-3D37-312F-960E-15E458B34E94} = {E4BD7AD6-3D37-312F-960E-15E458B34E94}
		{CA510B97-2A6F-375A-9AE3-34F5C176B6EA} = {CA510B97-2A6F-375A-9AE3-34F5C176B6EA}
	EndProjectSection
EndProject
Project("{8BC9CEB8-8B4A-11D0-8D11-00A0C91BC942}") = "Luau.VM", "Luau.VM.vcxproj", "{E4BD7AD6-3D37-312F-960E-15E458B34E94}"
	ProjectSection(ProjectDependencies) = postProject
		{A4707838-692A-3506-B563-B21136934EBF} = {A4707838-692A-3506-B563-B21136934EBF}
		{CA510B97-2A6F-375A-9AE3-34F5C176B6EA} = {CA510B97-2A6F-375A-9AE3-34F5C176B6EA}
	EndProjectSection
EndProject
Project("{8BC9CEB8-8B4A-11D0-8D11-00A0C91BC942}") = "ZERO_CHECK", "ZERO_CHECK.vcxproj", "{CA510B97-2A6F-375A-9AE3-34F5C176B6EA}"
	ProjectSection(ProjectDependencies) = postProject
	EndProjectSection
EndProject
Project("{8BC9CEB8-8B4A-11D0-8D11-00A0C91BC942}") = "isocline", "isocline.vcxproj", "{1E6DD385-18EE-3947-B938-94DA2E2BA260}"
	ProjectSection(ProjectDependencies) = postProject
		{CA510B97-2A6F-375A-9AE3-34F5C176B6EA} = {CA510B97-2A6F-375A-9AE3-34F5C176B6EA}
	EndProjectSection
EndProject
Global
	GlobalSection(SolutionConfigurationPlatforms) = preSolution
		Debug|x64 = Debug|x64
		Release|x64 = Release|x64
		MinSizeRel|x64 = MinSizeRel|x64
		RelWithDebInfo|x64 = RelWithDebInfo|x64
	EndGlobalSection
	GlobalSection(ProjectConfigurationPlatforms) = postSolution
		{2B24BDC0-9926-362D-934C-23118701BFEF}.Debug|x64.ActiveCfg = Debug|x64
		{2B24BDC0-9926-362D-934C-23118701BFEF}.Release|x64.ActiveCfg = Release|x64
		{2B24BDC0-9926-362D-934C-23118701BFEF}.MinSizeRel|x64.ActiveCfg = MinSizeRel|x64
		{2B24BDC0-9926-362D-934C-23118701BFEF}.RelWithDebInfo|x64.ActiveCfg = RelWithDebInfo|x64
		{4CCF667C-5ECB-3122-979A-912FA0AFEE3A}.Debug|x64.ActiveCfg = Debug|x64
		{4CCF667C-5ECB-3122-979A-912FA0AFEE3A}.Debug|x64.Build.0 = Debug|x64
		{4CCF667C-5ECB-3122-979A-912FA0AFEE3A}.Release|x64.ActiveCfg = Release|x64
		{4CCF667C-5ECB-3122-979A-912FA0AFEE3A}.Release|x64.Build.0 = Release|x64
		{4CCF667C-5ECB-3122-979A-912FA0AFEE3A}.MinSizeRel|x64.ActiveCfg = MinSizeRel|x64
		{4CCF667C-5ECB-3122-979A-912FA0AFEE3A}.MinSizeRel|x64.Build.0 = MinSizeRel|x64
		{4CCF667C-5ECB-3122-979A-912FA0AFEE3A}.RelWithDebInfo|x64.ActiveCfg = RelWithDebInfo|x64
		{4CCF667C-5ECB-3122-979A-912FA0AFEE3A}.RelWithDebInfo|x64.Build.0 = RelWithDebInfo|x64
		{49D2EEA3-A9EC-3B12-A277-18519B832400}.Debug|x64.ActiveCfg = Debug|x64
		{49D2EEA3-A9EC-3B12-A277-18519B832400}.Debug|x64.Build.0 = Debug|x64
		{49D2EEA3-A9EC-3B12-A277-18519B832400}.Release|x64.ActiveCfg = Release|x64
		{49D2EEA3-A9EC-3B12-A277-18519B832400}.Release|x64.Build.0 = Release|x64
		{49D2EEA3-A9EC-3B12-A277-18519B832400}.MinSizeRel|x64.ActiveCfg = MinSizeRel|x64
		{49D2EEA3-A9EC-3B12-A277-18519B832400}.MinSizeRel|x64.Build.0 = MinSizeRel|x64
		{49D2EEA3-A9EC-3B12-A277-18519B832400}.RelWithDebInfo|x64.ActiveCfg = RelWithDebInfo|x64
		{49D2EEA3-A9EC-3B12-A277-18519B832400}.RelWithDebInfo|x64.Build.0 = RelWithDebInfo|x64
		{54DFB9CF-9D41-37E2-8ABA-0CAA49889138}.Debug|x64.ActiveCfg = Debug|x64
		{54DFB9CF-9D41-37E2-8ABA-0CAA49889138}.Debug|x64.Build.0 = Debug|x64
		{54DFB9CF-9D41-37E2-8ABA-0CAA49889138}.Release|x64.ActiveCfg = Release|x64
		{54DFB9CF-9D41-37E2-8ABA-0CAA49889138}.Release|x64.Build.0 = Release|x64
		{54DFB9CF-9D41-37E2-8ABA-0CAA49889138}.MinSizeRel|x64.ActiveCfg = MinSizeRel|x64
		{54DFB9CF-9D41-37E2-8ABA-0CAA49889138}.MinSizeRel|x64.Build.0 = MinSizeRel|x64
		{54DFB9CF-9D41-37E2-8ABA-0CAA49889138}.RelWithDebInfo|x64.ActiveCfg = RelWithDebInfo|x64
		{54DFB9CF-9D41-37E2-8ABA-0CAA49889138}.RelWithDebInfo|x64.Build.0 = RelWithDebInfo|x64
		{73AAB4B9-0F9C-3344-94FC-8790A288C1C0}.Debug|x64.ActiveCfg = Debug|x64
		{73AAB4B9-0F9C-3344-94FC-8790A288C1C0}.Debug|x64.Build.0 = Debug|x64
		{73AAB4B9-0F9C-3344-94FC-8790A288C1C0}.Release|x64.ActiveCfg = Release|x64
		{73AAB4B9-0F9C-3344-94FC-8790A288C1C0}.Release|x64.Build.0 = Release|x64
		{73AAB4B9-0F9C-3344-94FC-8790A288C1C0}.MinSizeRel|x64.ActiveCfg = MinSizeRel|x64
		{73AAB4B9-0F9C-3344-94FC-8790A288C1C0}.MinSizeRel|x64.Build.0 = MinSizeRel|x64
		{73AAB4B9-0F9C-3344-94FC-8790A288C1C0}.RelWithDebInfo|x64.ActiveCfg = RelWithDebInfo|x64
		{73AAB4B9-0F9C-3344-94FC-8790A288C1C0}.RelWithDebInfo|x64.Build.0 = RelWithDebInfo|x64
		{1AB204A6-FFA3-3E26-8B29-2859FFDE5057}.Debug|x64.ActiveCfg = Debug|x64
		{1AB204A6-FFA3-3E26-8B29-2859FFDE5057}.Debug|x64.Build.0 = Debug|x64
		{1AB204A6-FFA3-3E26-8B29-2859FFDE5057}.Release|x64.ActiveCfg = Release|x64
		{1AB204A6-FFA3-3E26-8B29-2859FFDE5057}.Release|x64.Build.0 = Release|x64
		{1AB204A6-FFA3-3E26-8B29-2859FFDE5057}.MinSizeRel|x64.ActiveCfg = MinSizeRel|x64
		{1AB204A6-FFA3-3E26-8B29-2859FFDE5057}.MinSizeRel|x64.Build.0 = MinSizeRel|x64
		{1AB204A6-FFA3-3E26-8B29-2859FFDE5057}.RelWithDebInfo|x64.ActiveCfg = RelWithDebInfo|x64
		{1AB204A6-FFA3-3E26-8B29-2859FFDE5057}.RelWithDebInfo|x64.Build.0 = RelWithDebInfo|x64
		{353B5461-B842-3253-8C90-04D17D3E4511}.Debug|x64.ActiveCfg = Debug|x64
		{353B5461-B842-3253-8C90-04D17D3E4511}.Debug|x64.Build.0 = Debug|x64
		{353B5461-B842-3253-8C90-04D17D3E4511}.Release|x64.ActiveCfg = Release|x64
		{353B5461-B842-3253-8C90-04D17D3E4511}.Release|x64.Build.0 = Release|x64
		{353B5461-B842-3253-8C90-04D17D3E4511}.MinSizeRel|x64.ActiveCfg = MinSizeRel|x64
		{353B5461-B842-3253-8C90-04D17D3E4511}.MinSizeRel|x64.Build.0 = MinSizeRel|x64
		{353B5461-B842-3253-8C90-04D17D3E4511}.RelWithDebInfo|x64.ActiveCfg = RelWithDebInfo|x64
		{353B5461-B842-3253-8C90-04D17D3E4511}.RelWithDebInfo|x64.Build.0 = RelWithDebInfo|x64
		{A4707838-692A-3506-B563-B21136934EBF}.Debug|x64.ActiveCfg = Debug|x64
		{A4707838-692A-3506-B563-B21136934EBF}.Debug|x64.Build.0 = Debug|x64
		{A4707838-692A-3506-B563-B21136934EBF}.Release|x64.ActiveCfg = Release|x64
		{A4707838-692A-3506-B563-B21136934EBF}.Release|x64.Build.0 = Release|x64
		{A4707838-692A-3506-B563-B21136934EBF}.MinSizeRel|x64.ActiveCfg = MinSizeRel|x64
		{A4707838-692A-3506-B563-B21136934EBF}.MinSizeRel|x64.Build.0 = MinSizeRel|x64
		{A4707838-692A-3506-B563-B21136934EBF}.RelWithDebInfo|x64.ActiveCfg = RelWithDebInfo|x64
		{A4707838-692A-3506-B563-B21136934EBF}.RelWithDebInfo|x64.Build.0 = RelWithDebInfo|x64
		{2A4413B6-25F2-32F3-9ADD-6DB21B43ABC0}.Debug|x64.ActiveCfg = Debug|x64
		{2A4413B6-25F2-32F3-9ADD-6DB21B43ABC0}.Debug|x64.Build.0 = Debug|x64
		{2A4413B6-25F2-32F3-9ADD-6DB21B43ABC0}.Release|x64.ActiveCfg = Release|x64
		{2A4413B6-25F2-32F3-9ADD-6DB21B43ABC0}.Release|x64.Build.0 = Release|x64
		{2A4413B6-25F2-32F3-9ADD-6DB21B43ABC0}.MinSizeRel|x64.ActiveCfg = MinSizeRel|x64
		{2A4413B6-25F2-32F3-9ADD-6DB21B43ABC0}.MinSizeRel|x64.Build.0 = MinSizeRel|x64
		{2A4413B6-25F2-32F3-9ADD-6DB21B43ABC0}.RelWithDebInfo|x64.ActiveCfg = RelWithDebInfo|x64
		{2A4413B6-25F2-32F3-9ADD-6DB21B43ABC0}.RelWithDebInfo|x64.Build.0 = RelWithDebInfo|x64
		{941914ED-2A37-3646-BEEC-BA8C13132E96}.Debug|x64.ActiveCfg = Debug|x64
		{941914ED-2A37-3646-BEEC-BA8C13132E96}.Debug|x64.Build.0 = Debug|x64
		{941914ED-2A37-3646-BEEC-BA8C13132E96}.Release|x64.ActiveCfg = Release|x64
		{941914ED-2A37-3646-BEEC-BA8C13132E96}.Release|x64.Build.0 = Release|x64
		{941914ED-2A37-3646-BEEC-BA8C13132E96}.MinSizeRel|x64.ActiveCfg = MinSizeRel|x64
		{941914ED-2A37-3646-BEEC-BA8C13132E96}.MinSizeRel|x64.Build.0 = MinSizeRel|x64
		{941914ED-2A37-3646-BEEC-BA8C13132E96}.RelWithDebInfo|x64.ActiveCfg = RelWithDebInfo|x64
		{941914ED-2A37-3646-BEEC-BA8C13132E96}.RelWithDebInfo|x64.Build.0 = RelWithDebInfo|x64
		{167743F7-7218-3571-AE24-515A1AAEBBBF}.Debug|x64.ActiveCfg = Debug|x64
		{167743F7-7218-3571-AE24-515A1AAEBBBF}.Debug|x64.Build.0 = Debug|x64
		{167743F7-7218-3571-AE24-515A1AAEBBBF}.Release|x64.ActiveCfg = Release|x64
		{167743F7-7218-3571-AE24-515A1AAEBBBF}.Release|x64.Build.0 = Release|x64
		{167743F7-7218-3571-AE24-515A1AAEBBBF}.MinSizeRel|x64.ActiveCfg = MinSizeRel|x64
		{167743F7-7218-3571-AE24-515A1AAEBBBF}.MinSizeRel|x64.Build.0 = MinSizeRel|x64
		{167743F7-7218-3571-AE24-515A1AAEBBBF}.RelWithDebInfo|x64.ActiveCfg = RelWithDebInfo|x64
		{167743F7-7218-3571-AE24-515A1AAEBBBF}.RelWithDebInfo|x64.Build.0 = RelWithDebInfo|x64
		{83CA361D-9610-31A2-AF0E-8543BEE47A9A}.Debug|x64.ActiveCfg = Debug|x64
		{83CA361D-9610-31A2-AF0E-8543BEE47A9A}.Debug|x64.Build.0 = Debug|x64
		{83CA361D-9610-31A2-AF0E-8543BEE47A9A}.Release|x64.ActiveCfg = Release|x64
		{83CA361D-9610-31A2-AF0E-8543BEE47A9A}.Release|x64.Build.0 = Release|x64
		{83CA361D-9610-31A2-AF0E-8543BEE47A9A}.MinSizeRel|x64.ActiveCfg = MinSizeRel|x64
		{83CA361D-9610-31A2-AF0E-8543BEE47A9A}.MinSizeRel|x64.Build.0 = MinSizeRel|x64
		{83CA361D-9610-31A2-AF0E-8543BEE47A9A}.RelWithDebInfo|x64.ActiveCfg = RelWithDebInfo|x64
		{83CA361D-9610-31A2-AF0E-8543BEE47A9A}.RelWithDebInfo|x64.Build.0 = RelWithDebInfo|x64
		{A4ED4E45-00FF-3563-8DA0-B12F4056924D}.Debug|x64.ActiveCfg = Debug|x64
		{A4ED4E45-00FF-3563-8DA0-B12F4056924D}.Debug|x64.Build.0 = Debug|x64
		{A4ED4E45-00FF-3563-8DA0-B12F4056924D}.Release|x64.ActiveCfg = Release|x64
		{A4ED4E45-00FF-3563-8DA0-B12F4056924D}.Release|x64.Build.0 = Release|x64
		{A4ED4E45-00FF-3563-8DA0-B12F4056924D}.MinSizeRel|x64.ActiveCfg = MinSizeRel|x64
		{A4ED4E45-00FF-3563-8DA0-B12F4056924D}.MinSizeRel|x64.Build.0 = MinSizeRel|x64
		{A4ED4E45-00FF-3563-8DA0-B12F4056924D}.RelWithDebInfo|x64.ActiveCfg = RelWithDebInfo|x64
		{A4ED4E45-00FF-3563-8DA0-B12F4056924D}.RelWithDebInfo|x64.Build.0 = RelWithDebInfo|x64
		{8AD745EA-A38D-37AB-9BDB-EDEF0A9DEB41}.Debug|x64.ActiveCfg = Debug|x64
		{8AD745EA-A38D-37AB-9BDB-EDEF0A9DEB41}.Debug|x64.Build.0 = Debug|x64
		{8AD745EA-A38D-37AB-9BDB-EDEF0A9DEB41}.Release|x64.ActiveCfg = Release|x64
		{8AD745EA-A38D-37AB-9BDB-EDEF0A9DEB41}.Release|x64.Build.0 = Release|x64
		{8AD745EA-A38D-37AB-9BDB-EDEF0A9DEB41}.MinSizeRel|x64.ActiveCfg = MinSizeRel|x64
		{8AD745EA-A38D-37AB-9BDB-EDEF0A9DEB41}.MinSizeRel|x64.Build.0 = MinSizeRel|x64
		{8AD745EA-A38D-37AB-9BDB-EDEF0A9DEB41}.RelWithDebInfo|x64.ActiveCfg = RelWithDebInfo|x64
		{8AD745EA-A38D-37AB-9BDB-EDEF0A9DEB41}.RelWithDebInfo|x64.Build.0 = RelWithDebInfo|x64
		{57DC4F02-5EEB-3A2F-B8BB-F95EB5A2E85D}.Debug|x64.ActiveCfg = Debug|x64
		{57DC4F02-5EEB-3A2F-B8BB-F95EB5A2E85D}.Debug|x64.Build.0 = Debug|x64
		{57DC4F02-5EEB-3A2F-B8BB-F95EB5A2E85D}.Release|x64.ActiveCfg = Release|x64
		{57DC4F02-5EEB-3A2F-B8BB-F95EB5A2E85D}.Release|x64.Build.0 = Release|x64
		{57DC4F02-5EEB-3A2F-B8BB-F95EB5A2E85D}.MinSizeRel|x64.ActiveCfg = MinSizeRel|x64
		{57DC4F02-5EEB-3A2F-B8BB-F95EB5A2E85D}.MinSizeRel|x64.Build.0 = MinSizeRel|x64
		{57DC4F02-5EEB-3A2F-B8BB-F95EB5A2E85D}.RelWithDebInfo|x64.ActiveCfg = RelWithDebInfo|x64
		{57DC4F02-5EEB-3A2F-B8BB-F95EB5A2E85D}.RelWithDebInfo|x64.Build.0 = RelWithDebInfo|x64
		{E4BD7AD6-3D37-312F-960E-15E458B34E94}.Debug|x64.ActiveCfg = Debug|x64
		{E4BD7AD6-3D37-312F-960E-15E458B34E94}.Debug|x64.Build.0 = Debug|x64
		{E4BD7AD6-3D37-312F-960E-15E458B34E94}.Release|x64.ActiveCfg = Release|x64
		{E4BD7AD6-3D37-312F-960E-15E458B34E94}.Release|x64.Build.0 = Release|x64
		{E4BD7AD6-3D37-312F-960E-15E458B34E94}.MinSizeRel|x64.ActiveCfg = MinSizeRel|x64
		{E4BD7AD6-3D37-312F-960E-15E458B34E94}.MinSizeRel|x64.Build.0 = MinSizeRel|x64
		{E4BD7AD6-3D37-312F-960E-15E458B34E94}.RelWithDebInfo|x64.ActiveCfg = RelWithDebInfo|x64
		{E4BD7AD6-3D37-312F-960E-15E458B34E94}.RelWithDebInfo|x64.Build.0 = RelWithDebInfo|x64
		{CA510B97-2A6F-375A-9AE3-34F5C176B6EA}.Debug|x64.ActiveCfg = Debug|x64
		{CA510B97-2A6F-375A-9AE3-34F5C176B6EA}.Debug|x64.Build.0 = Debug|x64
		{CA510B97-2A6F-375A-9AE3-34F5C176B6EA}.Release|x64.ActiveCfg = Release|x64
		{CA510B97-2A6F-375A-9AE3-34F5C176B6EA}.Release|x64.Build.0 = Release|x64
		{CA510B97-2A6F-375A-9AE3-34F5C176B6EA}.MinSizeRel|x64.ActiveCfg = MinSizeRel|x64
		{CA510B97-2A6F-375A-9AE3-34F5C176B6EA}.MinSizeRel|x64.Build.0 = MinSizeRel|x64
		{CA510B97-2A6F-375A-9AE3-34F5C176B6EA}.RelWithDebInfo|x64.ActiveCfg = RelWithDebInfo|x64
		{CA510B97-2A6F-375A-9AE3-34F5C176B6EA}.RelWithDebInfo|x64.Build.0 = RelWithDebInfo|x64
		{1E6DD385-18EE-3947-B938-94DA2E2BA260}.Debug|x64.ActiveCfg = Debug|x64
		{1E6DD385-18EE-3947-B938-94DA2E2BA260}.Debug|x64.Build.0 = Debug|x64
		{1E6DD385-18EE-3947-B938-94DA2E2BA260}.Release|x64.ActiveCfg = Release|x64
		{1E6DD385-18EE-3947-B938-94DA2E2BA260}.Release|x64.Build.0 = Release|x64
		{1E6DD385-18EE-3947-B938-94DA2E2BA260}.MinSizeRel|x64.ActiveCfg = MinSizeRel|x64
		{1E6DD385-18EE-3947-B938-94DA2E2BA260}.MinSizeRel|x64.Build.0 = MinSizeRel|x64
		{1E6DD385-18EE-3947-B938-94DA2E2BA260}.RelWithDebInfo|x64.ActiveCfg = RelWithDebInfo|x64
		{1E6DD385-18EE-3947-B938-94DA2E2BA260}.RelWithDebInfo|x64.Build.0 = RelWithDebInfo|x64
	EndGlobalSection
	GlobalSection(ExtensibilityGlobals) = postSolution
		SolutionGuid = {8D8293AC-45A6-315F-AC9F-25C0690FE46F}
	EndGlobalSection
	GlobalSection(ExtensibilityAddIns) = postSolution
	EndGlobalSection
EndGlobal
